// !$*UTF8*$!
{
	archiveVersion = 1;
	classes = {
	};
	objectVersion = 55;
	objects = {

/* Begin PBXBuildFile section */
		73798C4427A23E0B008FE33C /* AppDelegate.swift in Sources */ = {isa = PBXBuildFile; fileRef = 73798C4327A23E0B008FE33C /* AppDelegate.swift */; };
		73798C4627A23E0B008FE33C /* SceneDelegate.swift in Sources */ = {isa = PBXBuildFile; fileRef = 73798C4527A23E0B008FE33C /* SceneDelegate.swift */; };
		73798C4B27A23E0B008FE33C /* Main.storyboard in Resources */ = {isa = PBXBuildFile; fileRef = 73798C4927A23E0B008FE33C /* Main.storyboard */; };
		73798C4D27A23E0D008FE33C /* Assets.xcassets in Resources */ = {isa = PBXBuildFile; fileRef = 73798C4C27A23E0D008FE33C /* Assets.xcassets */; };
		73798C5027A23E0D008FE33C /* LaunchScreen.storyboard in Resources */ = {isa = PBXBuildFile; fileRef = 73798C4E27A23E0D008FE33C /* LaunchScreen.storyboard */; };
		73798C5C27A2426C008FE33C /* menu.plist in Resources */ = {isa = PBXBuildFile; fileRef = 73798C5B27A2426C008FE33C /* menu.plist */; };
		73798C5E27A2441E008FE33C /* MenuViewController.swift in Sources */ = {isa = PBXBuildFile; fileRef = 73798C5D27A2441E008FE33C /* MenuViewController.swift */; };
/* End PBXBuildFile section */

/* Begin PBXFileReference section */
		73798C4027A23E0B008FE33C /* Cafe Cali.app */ = {isa = PBXFileReference; explicitFileType = wrapper.application; includeInIndex = 0; path = "Cafe Cali.app"; sourceTree = BUILT_PRODUCTS_DIR; };
		73798C4327A23E0B008FE33C /* AppDelegate.swift */ = {isa = PBXFileReference; lastKnownFileType = sourcecode.swift; path = AppDelegate.swift; sourceTree = "<group>"; };
		73798C4527A23E0B008FE33C /* SceneDelegate.swift */ = {isa = PBXFileReference; lastKnownFileType = sourcecode.swift; path = SceneDelegate.swift; sourceTree = "<group>"; };
		73798C4A27A23E0B008FE33C /* Base */ = {isa = PBXFileReference; lastKnownFileType = file.storyboard; name = Base; path = Base.lproj/Main.storyboard; sourceTree = "<group>"; };
		73798C4C27A23E0D008FE33C /* Assets.xcassets */ = {isa = PBXFileReference; lastKnownFileType = folder.assetcatalog; path = Assets.xcassets; sourceTree = "<group>"; };
		73798C4F27A23E0D008FE33C /* Base */ = {isa = PBXFileReference; lastKnownFileType = file.storyboard; name = Base; path = Base.lproj/LaunchScreen.storyboard; sourceTree = "<group>"; };
		73798C5127A23E0D008FE33C /* Info.plist */ = {isa = PBXFileReference; lastKnownFileType = text.plist.xml; path = Info.plist; sourceTree = "<group>"; };
		73798C5B27A2426C008FE33C /* menu.plist */ = {isa = PBXFileReference; lastKnownFileType = text.plist.xml; path = menu.plist; sourceTree = "<group>"; };
		73798C5D27A2441E008FE33C /* MenuViewController.swift */ = {isa = PBXFileReference; lastKnownFileType = sourcecode.swift; path = MenuViewController.swift; sourceTree = "<group>"; };
/* End PBXFileReference section */

/* Begin PBXFrameworksBuildPhase section */
		73798C3D27A23E0B008FE33C /* Frameworks */ = {
			isa = PBXFrameworksBuildPhase;
			buildActionMask = 2147483647;
			files = (
			);
			runOnlyForDeploymentPostprocessing = 0;
		};
/* End PBXFrameworksBuildPhase section */

/* Begin PBXGroup section */
		73798C3727A23E0B008FE33C = {
			isa = PBXGroup;
			children = (
				73798C4227A23E0B008FE33C /* Cafe Cali */,
				73798C4127A23E0B008FE33C /* Products */,
			);
			sourceTree = "<group>";
		};
		73798C4127A23E0B008FE33C /* Products */ = {
			isa = PBXGroup;
			children = (
				73798C4027A23E0B008FE33C /* Cafe Cali.app */,
			);
			name = Products;
			sourceTree = "<group>";
		};
		73798C4227A23E0B008FE33C /* Cafe Cali */ = {
			isa = PBXGroup;
			children = (
				73798C5A27A2423A008FE33C /* Data */,
				73798C5927A240E3008FE33C /* Storyboards */,
				73798C5827A24041008FE33C /* Delegates */,
				73798C5727A24008008FE33C /* Controllers */,
				73798C4C27A23E0D008FE33C /* Assets.xcassets */,
				73798C5127A23E0D008FE33C /* Info.plist */,
			);
			path = "Cafe Cali";
			sourceTree = "<group>";
		};
		73798C5727A24008008FE33C /* Controllers */ = {
			isa = PBXGroup;
			children = (
				73798C5D27A2441E008FE33C /* MenuViewController.swift */,
			);
			path = Controllers;
			sourceTree = "<group>";
		};
		73798C5827A24041008FE33C /* Delegates */ = {
			isa = PBXGroup;
			children = (
				73798C4327A23E0B008FE33C /* AppDelegate.swift */,
				73798C4527A23E0B008FE33C /* SceneDelegate.swift */,
			);
			path = Delegates;
			sourceTree = "<group>";
		};
		73798C5927A240E3008FE33C /* Storyboards */ = {
			isa = PBXGroup;
			children = (
				73798C4927A23E0B008FE33C /* Main.storyboard */,
				73798C4E27A23E0D008FE33C /* LaunchScreen.storyboard */,
			);
			path = Storyboards;
			sourceTree = "<group>";
		};
		73798C5A27A2423A008FE33C /* Data */ = {
			isa = PBXGroup;
			children = (
				73798C5B27A2426C008FE33C /* menu.plist */,
			);
			path = Data;
			sourceTree = "<group>";
		};
/* End PBXGroup section */

/* Begin PBXNativeTarget section */
		73798C3F27A23E0B008FE33C /* Cafe Cali */ = {
			isa = PBXNativeTarget;
			buildConfigurationList = 73798C5427A23E0D008FE33C /* Build configuration list for PBXNativeTarget "Cafe Cali" */;
			buildPhases = (
				73798C3C27A23E0B008FE33C /* Sources */,
				73798C3D27A23E0B008FE33C /* Frameworks */,
				73798C3E27A23E0B008FE33C /* Resources */,
			);
			buildRules = (
			);
			dependencies = (
			);
			name = "Cafe Cali";
			productName = "Cafe Cali";
			productReference = 73798C4027A23E0B008FE33C /* Cafe Cali.app */;
			productType = "com.apple.product-type.application";
		};
/* End PBXNativeTarget section */

/* Begin PBXProject section */
		73798C3827A23E0B008FE33C /* Project object */ = {
			isa = PBXProject;
			attributes = {
				BuildIndependentTargetsInParallel = 1;
				LastSwiftUpdateCheck = 1320;
				LastUpgradeCheck = 1320;
				TargetAttributes = {
					73798C3F27A23E0B008FE33C = {
						CreatedOnToolsVersion = 13.2.1;
					};
				};
			};
			buildConfigurationList = 73798C3B27A23E0B008FE33C /* Build configuration list for PBXProject "Cafe Cali" */;
			compatibilityVersion = "Xcode 13.0";
			developmentRegion = en;
			hasScannedForEncodings = 0;
			knownRegions = (
				en,
				Base,
			);
			mainGroup = 73798C3727A23E0B008FE33C;
			productRefGroup = 73798C4127A23E0B008FE33C /* Products */;
			projectDirPath = "";
			projectRoot = "";
			targets = (
				73798C3F27A23E0B008FE33C /* Cafe Cali */,
			);
		};
/* End PBXProject section */

/* Begin PBXResourcesBuildPhase section */
		73798C3E27A23E0B008FE33C /* Resources */ = {
			isa = PBXResourcesBuildPhase;
			buildActionMask = 2147483647;
			files = (
				73798C5027A23E0D008FE33C /* LaunchScreen.storyboard in Resources */,
				73798C5C27A2426C008FE33C /* menu.plist in Resources */,
				73798C4D27A23E0D008FE33C /* Assets.xcassets in Resources */,
				73798C4B27A23E0B008FE33C /* Main.storyboard in Resources */,
			);
			runOnlyForDeploymentPostprocessing = 0;
		};
/* End PBXResourcesBuildPhase section */

/* Begin PBXSourcesBuildPhase section */
		73798C3C27A23E0B008FE33C /* Sources */ = {
			isa = PBXSourcesBuildPhase;
			buildActionMask = 2147483647;
			files = (
				73798C4427A23E0B008FE33C /* AppDelegate.swift in Sources */,
				73798C5E27A2441E008FE33C /* MenuViewController.swift in Sources */,
				73798C4627A23E0B008FE33C /* SceneDelegate.swift in Sources */,
			);
			runOnlyForDeploymentPostprocessing = 0;
		};
/* End PBXSourcesBuildPhase section */

/* Begin PBXVariantGroup section */
		73798C4927A23E0B008FE33C /* Main.storyboard */ = {
			isa = PBXVariantGroup;
			children = (
				73798C4A27A23E0B008FE33C /* Base */,
			);
			name = Main.storyboard;
			sourceTree = "<group>";
		};
		73798C4E27A23E0D008FE33C /* LaunchScreen.storyboard */ = {
			isa = PBXVariantGroup;
			children = (
				73798C4F27A23E0D008FE33C /* Base */,
			);
			name = LaunchScreen.storyboard;
			sourceTree = "<group>";
		};
/* End PBXVariantGroup section */

/* Begin XCBuildConfiguration section */
		73798C5227A23E0D008FE33C /* Debug */ = {
			isa = XCBuildConfiguration;
			buildSettings = {
				ALWAYS_SEARCH_USER_PATHS = NO;
				CLANG_ANALYZER_NONNULL = YES;
				CLANG_ANALYZER_NUMBER_OBJECT_CONVERSION = YES_AGGRESSIVE;
				CLANG_CXX_LANGUAGE_STANDARD = "gnu++17";
				CLANG_CXX_LIBRARY = "libc++";
				CLANG_ENABLE_MODULES = YES;
				CLANG_ENABLE_OBJC_ARC = YES;
				CLANG_ENABLE_OBJC_WEAK = YES;
				CLANG_WARN_BLOCK_CAPTURE_AUTORELEASING = YES;
				CLANG_WARN_BOOL_CONVERSION = YES;
				CLANG_WARN_COMMA = YES;
				CLANG_WARN_CONSTANT_CONVERSION = YES;
				CLANG_WARN_DEPRECATED_OBJC_IMPLEMENTATIONS = YES;
				CLANG_WARN_DIRECT_OBJC_ISA_USAGE = YES_ERROR;
				CLANG_WARN_DOCUMENTATION_COMMENTS = YES;
				CLANG_WARN_EMPTY_BODY = YES;
				CLANG_WARN_ENUM_CONVERSION = YES;
				CLANG_WARN_INFINITE_RECURSION = YES;
				CLANG_WARN_INT_CONVERSION = YES;
				CLANG_WARN_NON_LITERAL_NULL_CONVERSION = YES;
				CLANG_WARN_OBJC_IMPLICIT_RETAIN_SELF = YES;
				CLANG_WARN_OBJC_LITERAL_CONVERSION = YES;
				CLANG_WARN_OBJC_ROOT_CLASS = YES_ERROR;
				CLANG_WARN_QUOTED_INCLUDE_IN_FRAMEWORK_HEADER = YES;
				CLANG_WARN_RANGE_LOOP_ANALYSIS = YES;
				CLANG_WARN_STRICT_PROTOTYPES = YES;
				CLANG_WARN_SUSPICIOUS_MOVE = YES;
				CLANG_WARN_UNGUARDED_AVAILABILITY = YES_AGGRESSIVE;
				CLANG_WARN_UNREACHABLE_CODE = YES;
				CLANG_WARN__DUPLICATE_METHOD_MATCH = YES;
				COPY_PHASE_STRIP = NO;
				DEBUG_INFORMATION_FORMAT = dwarf;
				ENABLE_STRICT_OBJC_MSGSEND = YES;
				ENABLE_TESTABILITY = YES;
				GCC_C_LANGUAGE_STANDARD = gnu11;
				GCC_DYNAMIC_NO_PIC = NO;
				GCC_NO_COMMON_BLOCKS = YES;
				GCC_OPTIMIZATION_LEVEL = 0;
				GCC_PREPROCESSOR_DEFINITIONS = (
					"DEBUG=1",
					"$(inherited)",
				);
				GCC_WARN_64_TO_32_BIT_CONVERSION = YES;
				GCC_WARN_ABOUT_RETURN_TYPE = YES_ERROR;
				GCC_WARN_UNDECLARED_SELECTOR = YES;
				GCC_WARN_UNINITIALIZED_AUTOS = YES_AGGRESSIVE;
				GCC_WARN_UNUSED_FUNCTION = YES;
				GCC_WARN_UNUSED_VARIABLE = YES;
				IPHONEOS_DEPLOYMENT_TARGET = 15.2;
				MTL_ENABLE_DEBUG_INFO = INCLUDE_SOURCE;
				MTL_FAST_MATH = YES;
				ONLY_ACTIVE_ARCH = YES;
				SDKROOT = iphoneos;
				SWIFT_ACTIVE_COMPILATION_CONDITIONS = DEBUG;
				SWIFT_OPTIMIZATION_LEVEL = "-Onone";
			};
			name = Debug;
		};
		73798C5327A23E0D008FE33C /* Release */ = {
			isa = XCBuildConfiguration;
			buildSettings = {
				ALWAYS_SEARCH_USER_PATHS = NO;
				CLANG_ANALYZER_NONNULL = YES;
				CLANG_ANALYZER_NUMBER_OBJECT_CONVERSION = YES_AGGRESSIVE;
				CLANG_CXX_LANGUAGE_STANDARD = "gnu++17";
				CLANG_CXX_LIBRARY = "libc++";
				CLANG_ENABLE_MODULES = YES;
				CLANG_ENABLE_OBJC_ARC = YES;
				CLANG_ENABLE_OBJC_WEAK = YES;
				CLANG_WARN_BLOCK_CAPTURE_AUTORELEASING = YES;
				CLANG_WARN_BOOL_CONVERSION = YES;
				CLANG_WARN_COMMA = YES;
				CLANG_WARN_CONSTANT_CONVERSION = YES;
				CLANG_WARN_DEPRECATED_OBJC_IMPLEMENTATIONS = YES;
				CLANG_WARN_DIRECT_OBJC_ISA_USAGE = YES_ERROR;
				CLANG_WARN_DOCUMENTATION_COMMENTS = YES;
				CLANG_WARN_EMPTY_BODY = YES;
				CLANG_WARN_ENUM_CONVERSION = YES;
				CLANG_WARN_INFINITE_RECURSION = YES;
				CLANG_WARN_INT_CONVERSION = YES;
				CLANG_WARN_NON_LITERAL_NULL_CONVERSION = YES;
				CLANG_WARN_OBJC_IMPLICIT_RETAIN_SELF = YES;
				CLANG_WARN_OBJC_LITERAL_CONVERSION = YES;
				CLANG_WARN_OBJC_ROOT_CLASS = YES_ERROR;
				CLANG_WARN_QUOTED_INCLUDE_IN_FRAMEWORK_HEADER = YES;
				CLANG_WARN_RANGE_LOOP_ANALYSIS = YES;
				CLANG_WARN_STRICT_PROTOTYPES = YES;
				CLANG_WARN_SUSPICIOUS_MOVE = YES;
				CLANG_WARN_UNGUARDED_AVAILABILITY = YES_AGGRESSIVE;
				CLANG_WARN_UNREACHABLE_CODE = YES;
				CLANG_WARN__DUPLICATE_METHOD_MATCH = YES;
				COPY_PHASE_STRIP = NO;
				DEBUG_INFORMATION_FORMAT = "dwarf-with-dsym";
				ENABLE_NS_ASSERTIONS = NO;
				ENABLE_STRICT_OBJC_MSGSEND = YES;
				GCC_C_LANGUAGE_STANDARD = gnu11;
				GCC_NO_COMMON_BLOCKS = YES;
				GCC_WARN_64_TO_32_BIT_CONVERSION = YES;
				GCC_WARN_ABOUT_RETURN_TYPE = YES_ERROR;
				GCC_WARN_UNDECLARED_SELECTOR = YES;
				GCC_WARN_UNINITIALIZED_AUTOS = YES_AGGRESSIVE;
				GCC_WARN_UNUSED_FUNCTION = YES;
				GCC_WARN_UNUSED_VARIABLE = YES;
				IPHONEOS_DEPLOYMENT_TARGET = 15.2;
				MTL_ENABLE_DEBUG_INFO = NO;
				MTL_FAST_MATH = YES;
				SDKROOT = iphoneos;
				SWIFT_COMPILATION_MODE = wholemodule;
				SWIFT_OPTIMIZATION_LEVEL = "-O";
				VALIDATE_PRODUCT = YES;
			};
			name = Release;
		};
		73798C5527A23E0D008FE33C /* Debug */ = {
			isa = XCBuildConfiguration;
			buildSettings = {
				ASSETCATALOG_COMPILER_APPICON_NAME = AppIcon;
				ASSETCATALOG_COMPILER_GLOBAL_ACCENT_COLOR_NAME = AccentColor;
				CODE_SIGN_STYLE = Automatic;
				CURRENT_PROJECT_VERSION = 1;
				GENERATE_INFOPLIST_FILE = YES;
				INFOPLIST_FILE = "Cafe Cali/Info.plist";
				INFOPLIST_KEY_UIApplicationSupportsIndirectInputEvents = YES;
				INFOPLIST_KEY_UILaunchStoryboardName = LaunchScreen;
				INFOPLIST_KEY_UIMainStoryboardFile = Main;
				INFOPLIST_KEY_UISupportedInterfaceOrientations_iPad = "UIInterfaceOrientationPortrait UIInterfaceOrientationPortraitUpsideDown UIInterfaceOrientationLandscapeLeft UIInterfaceOrientationLandscapeRight";
				INFOPLIST_KEY_UISupportedInterfaceOrientations_iPhone = "UIInterfaceOrientationPortrait UIInterfaceOrientationLandscapeLeft UIInterfaceOrientationLandscapeRight";
				LD_RUNPATH_SEARCH_PATHS = (
					"$(inherited)",
					"@executable_path/Frameworks",
				);
				MARKETING_VERSION = 1.0;
				PRODUCT_BUNDLE_IDENTIFIER = "cn.Cafe-Cali";
				PRODUCT_NAME = "$(TARGET_NAME)";
				SWIFT_EMIT_LOC_STRINGS = YES;
				SWIFT_VERSION = 5.0;
				TARGETED_DEVICE_FAMILY = "1,2";
			};
			name = Debug;
		};
		73798C5627A23E0D008FE33C /* Release */ = {
			isa = XCBuildConfiguration;
			buildSettings = {
				ASSETCATALOG_COMPILER_APPICON_NAME = AppIcon;
				ASSETCATALOG_COMPILER_GLOBAL_ACCENT_COLOR_NAME = AccentColor;
				CODE_SIGN_STYLE = Automatic;
				CURRENT_PROJECT_VERSION = 1;
				GENERATE_INFOPLIST_FILE = YES;
				INFOPLIST_FILE = "Cafe Cali/Info.plist";
				INFOPLIST_KEY_UIApplicationSupportsIndirectInputEvents = YES;
				INFOPLIST_KEY_UILaunchStoryboardName = LaunchScreen;
				INFOPLIST_KEY_UIMainStoryboardFile = Main;
				INFOPLIST_KEY_UISupportedInterfaceOrientations_iPad = "UIInterfaceOrientationPortrait UIInterfaceOrientationPortraitUpsideDown UIInterfaceOrientationLandscapeLeft UIInterfaceOrientationLandscapeRight";
				INFOPLIST_KEY_UISupportedInterfaceOrientations_iPhone = "UIInterfaceOrientationPortrait UIInterfaceOrientationLandscapeLeft UIInterfaceOrientationLandscapeRight";
				LD_RUNPATH_SEARCH_PATHS = (
					"$(inherited)",
					"@executable_path/Frameworks",
				);
				MARKETING_VERSION = 1.0;
				PRODUCT_BUNDLE_IDENTIFIER = "cn.Cafe-Cali";
				PRODUCT_NAME = "$(TARGET_NAME)";
				SWIFT_EMIT_LOC_STRINGS = YES;
				SWIFT_VERSION = 5.0;
				TARGETED_DEVICE_FAMILY = "1,2";
			};
			name = Release;
		};
/* End XCBuildConfiguration section */

/* Begin XCConfigurationList section */
		73798C3B27A23E0B008FE33C /* Build configuration list for PBXProject "Cafe Cali" */ = {
			isa = XCConfigurationList;
			buildConfigurations = (
				73798C5227A23E0D008FE33C /* Debug */,
				73798C5327A23E0D008FE33C /* Release */,
			);
			defaultConfigurationIsVisible = 0;
			defaultConfigurationName = Release;
		};
		73798C5427A23E0D008FE33C /* Build configuration list for PBXNativeTarget "Cafe Cali" */ = {
			isa = XCConfigurationList;
			buildConfigurations = (
				73798C5527A23E0D008FE33C /* Debug */,
				73798C5627A23E0D008FE33C /* Release */,
			);
			defaultConfigurationIsVisible = 0;
			defaultConfigurationName = Release;
		};
/* End XCConfigurationList section */
	};
	rootObject = 73798C3827A23E0B008FE33C /* Project object */;
}
